Microsoft Visual Studio Solution File, Format Version 12.00
# Visual Studio Version 17
VisualStudioVersion = 17.5.2.0
MinimumVisualStudioVersion = 10.0.40219.1
Project("{FAE04EC0-301F-11D3-BF4B-00C04F79EFBC}") = "Projeto alunos aprovados", "Projeto alunos aprovados.csproj", "{BACEC1F7-8F29-FE5B-DB17-BB076CD6A456}"
EndProject
Global
	GlobalSection(SolutionConfigurationPlatforms) = preSolution
		Debug|Any CPU = Debug|Any CPU
		Release|Any CPU = Release|Any CPU
	EndGlobalSection
	GlobalSection(ProjectConfigurationPlatforms) = postSolution
		{BACEC1F7-8F29-FE5B-DB17-BB076CD6A456}.Debug|Any CPU.ActiveCfg = Debug|Any CPU
		{BACEC1F7-8F29-FE5B-DB17-BB076CD6A456}.Debug|Any CPU.Build.0 = Debug|Any CPU
		{BACEC1F7-8F29-FE5B-DB17-BB076CD6A456}.Release|Any CPU.ActiveCfg = Release|Any CPU
		{BACEC1F7-8F29-FE5B-DB17-BB076CD6A456}.Release|Any CPU.Build.0 = Release|Any CPU
	EndGlobalSection
	GlobalSection(SolutionProperties) = preSolution
		HideSolutionNode = FALSE
	EndGlobalSection
	GlobalSection(ExtensibilityGlobals) = postSolution
		SolutionGuid = {50F79557-582E-433B-8B78-1B0349F6F3BA}
	EndGlobalSection
EndGlobal
